{
  "name": "tapbundle",
  "version": "1.1.0",
  "lockfileVersion": 1,
  "requires": true,
  "dependencies": {
    "@types/node": {
      "version": "8.0.33",
      "resolved": "https://registry.npmjs.org/@types/node/-/node-8.0.33.tgz",
      "integrity": "sha512-vmCdO8Bm1ExT+FWfC9sd9r4jwqM7o97gGy2WBshkkXbf/2nLAJQUrZfIhw27yVOtLUev6kSZc4cav/46KbDd8A=="
    },
    "early": {
      "version": "2.1.1",
      "resolved": "https://registry.npmjs.org/early/-/early-2.1.1.tgz",
      "integrity": "sha1-hB4jJU6l3FTYr67ugvWrZcAO4jw=",
      "requires": {
        "beautycolor": "1.0.7",
        "smartq": "1.1.1",
        "typings-global": "1.0.19"
      },
      "dependencies": {
        "beautycolor": {
          "version": "1.0.7",
          "resolved": "https://registry.npmjs.org/beautycolor/-/beautycolor-1.0.7.tgz",
          "integrity": "sha1-pHFXOKxMgiE3Hpy+tabMbRHsv3w=",
          "requires": {
            "ansi-256-colors": "1.1.0",
            "typings-global": "1.0.19"
          },
          "dependencies": {
            "ansi-256-colors": {
              "version": "1.1.0",
              "resolved": "https://registry.npmjs.org/ansi-256-colors/-/ansi-256-colors-1.1.0.tgz",
              "integrity": "sha1-kQ3lDvzHwJ49gvL4er1rcAwYgYo="
            }
          }
        }
      }
    },
    "leakage": {
      "version": "0.3.0",
      "resolved": "https://registry.npmjs.org/leakage/-/leakage-0.3.0.tgz",
      "integrity": "sha1-FdaYq9x2u8ZDlgH08wIOd+LVDDk=",
      "requires": {
        "es6-error": "4.0.2",
        "left-pad": "1.1.3",
        "memwatch-next": "0.3.0",
        "minimist": "1.2.0",
        "pretty-bytes": "4.0.2"
      },
      "dependencies": {
        "es6-error": {
          "version": "4.0.2",
          "resolved": "https://registry.npmjs.org/es6-error/-/es6-error-4.0.2.tgz",
          "integrity": "sha1-7sXHJurO9Rt/a3PCDbbhsTsGnJg="
        },
        "left-pad": {
          "version": "1.1.3",
          "resolved": "https://registry.npmjs.org/left-pad/-/left-pad-1.1.3.tgz",
          "integrity": "sha1-YS9hwDPzqeCOk58crr7qQbbzGZo="
        },
        "memwatch-next": {
          "version": "0.3.0",
          "resolved": "https://registry.npmjs.org/memwatch-next/-/memwatch-next-0.3.0.tgz",
          "integrity": "sha1-IREFD5qQbgqi1ypOwPAInHhyb48=",
          "requires": {
            "bindings": "1.2.1",
            "nan": "2.6.2"
          },
          "dependencies": {
            "bindings": {
              "version": "1.2.1",
              "resolved": "https://registry.npmjs.org/bindings/-/bindings-1.2.1.tgz",
              "integrity": "sha1-FK1hE4EtLTfXLme0ystLtyZQXxE="
            },
            "nan": {
              "version": "2.6.2",
              "resolved": "https://registry.npmjs.org/nan/-/nan-2.6.2.tgz",
              "integrity": "sha1-5P805slf37WuzAjeZZb0NgWn20U="
            }
          }
        },
        "minimist": {
          "version": "1.2.0",
          "resolved": "https://registry.npmjs.org/minimist/-/minimist-1.2.0.tgz",
          "integrity": "sha1-o1AIsg9BOD7sH7kU9M1d95omQoQ="
        },
        "pretty-bytes": {
          "version": "4.0.2",
          "resolved": "https://registry.npmjs.org/pretty-bytes/-/pretty-bytes-4.0.2.tgz",
          "integrity": "sha1-sr+C5zUNZcbDOqlaqlpPYyf2HNk="
        }
      }
    },
    "smartchai": {
      "version": "1.0.3",
      "resolved": "https://registry.npmjs.org/smartchai/-/smartchai-1.0.3.tgz",
      "integrity": "sha1-3m0BC7i1rvJMtwsxpfUzToxBty8=",
      "requires": {
        "@types/chai": "3.5.2",
        "@types/chai-as-promised": "0.0.29",
        "@types/chai-string": "1.1.30",
        "chai": "3.5.0",
        "chai-as-promised": "6.0.0",
        "chai-string": "1.4.0"
      },
      "dependencies": {
        "@types/chai": {
          "version": "3.5.2",
          "resolved": "https://registry.npmjs.org/@types/chai/-/chai-3.5.2.tgz",
          "integrity": "sha1-wRzSgX06QBt7oPWkIPNcVhObHB4="
        },
        "@types/chai-as-promised": {
          "version": "0.0.29",
          "resolved": "https://registry.npmjs.org/@types/chai-as-promised/-/chai-as-promised-0.0.29.tgz",
          "integrity": "sha1-Q9UokqqZjhhaPePiR37bhXO+HXc=",
          "requires": {
            "@types/chai": "3.5.2",
            "@types/promises-a-plus": "0.0.27"
          },
          "dependencies": {
            "@types/promises-a-plus": {
              "version": "0.0.27",
              "resolved": "https://registry.npmjs.org/@types/promises-a-plus/-/promises-a-plus-0.0.27.tgz",
              "integrity": "sha1-xkZRE0YUyEuPXXEUzokB02pgl4A="
            }
          }
        },
        "@types/chai-string": {
          "version": "1.1.30",
          "resolved": "https://registry.npmjs.org/@types/chai-string/-/chai-string-1.1.30.tgz",
          "integrity": "sha1-TYdEsxpaIpX8AcmB7R4tTIoHDwo=",
          "requires": {
            "@types/chai": "3.5.2"
          }
        },
        "chai": {
          "version": "3.5.0",
          "resolved": "https://registry.npmjs.org/chai/-/chai-3.5.0.tgz",
          "integrity": "sha1-TQJjewZ/6Vi9v906QOxW/vc3Mkc=",
          "requires": {
            "assertion-error": "1.0.2",
            "deep-eql": "0.1.3",
            "type-detect": "1.0.0"
          },
          "dependencies": {
            "assertion-error": {
              "version": "1.0.2",
              "resolved": "https://registry.npmjs.org/assertion-error/-/assertion-error-1.0.2.tgz",
              "integrity": "sha1-E8pRXYYgbaC6xm6DTdOX2HWBCUw="
            },
            "deep-eql": {
              "version": "0.1.3",
              "resolved": "https://registry.npmjs.org/deep-eql/-/deep-eql-0.1.3.tgz",
              "integrity": "sha1-71WKyrjeJSBs1xOQbXTlaTDrafI=",
              "requires": {
                "type-detect": "0.1.1"
              },
              "dependencies": {
                "type-detect": {
                  "version": "0.1.1",
                  "resolved": "https://registry.npmjs.org/type-detect/-/type-detect-0.1.1.tgz",
                  "integrity": "sha1-C6XsKohWQORw6k6FBZcZANrFiCI="
                }
              }
            },
            "type-detect": {
              "version": "1.0.0",
              "resolved": "https://registry.npmjs.org/type-detect/-/type-detect-1.0.0.tgz",
              "integrity": "sha1-diIXzAbbJY7EiQihKY6LlRIejqI="
            }
          }
        },
        "chai-as-promised": {
          "version": "6.0.0",
          "resolved": "https://registry.npmjs.org/chai-as-promised/-/chai-as-promised-6.0.0.tgz",
          "integrity": "sha1-GgKkM6byTa+sY7nJb6FoTbGqjaY=",
          "requires": {
            "check-error": "1.0.2"
          },
          "dependencies": {
            "check-error": {
              "version": "1.0.2",
              "resolved": "https://registry.npmjs.org/check-error/-/check-error-1.0.2.tgz",
              "integrity": "sha1-V00xLt2Iu13YkS6Sht1sCu1KrII="
            }
          }
        },
        "chai-string": {
          "version": "1.4.0",
          "resolved": "https://registry.npmjs.org/chai-string/-/chai-string-1.4.0.tgz",
          "integrity": "sha1-NZFAwFHTak5LGl/GuRAVL0OKjUk="
        }
      }
    },
    "smartdelay": {
      "version": "1.0.3",
      "resolved": "https://registry.npmjs.org/smartdelay/-/smartdelay-1.0.3.tgz",
      "integrity": "sha1-X9RNrXcmLREHAvApPvqAwHLPtXk=",
      "requires": {
        "smartq": "1.1.1",
        "typings-global": "1.0.19"
      }
    },
    "smartq": {
      "version": "1.1.1",
      "resolved": "https://registry.npmjs.org/smartq/-/smartq-1.1.1.tgz",
      "integrity": "sha1-77NYcFJg1Brhiu9//YFfe2/hfdM=",
      "requires": {
        "typed-promisify": "0.3.0",
        "typings-global": "1.0.19"
      },
      "dependencies": {
        "typed-promisify": {
          "version": "0.3.0",
          "resolved": "https://registry.npmjs.org/typed-promisify/-/typed-promisify-0.3.0.tgz",
          "integrity": "sha1-G6CvXkRMh9gEdAbxjOSQkqEZGFM="
        }
      }
    },
    "typings-global": {
      "version": "1.0.19",
      "resolved": "https://registry.npmjs.org/typings-global/-/typings-global-1.0.19.tgz",
      "integrity": "sha1-M3anLU3h5VQb9XAiSP9kw+bqMWw=",
      "requires": {
        "semver": "5.3.0",
        "smartshell": "1.0.8"
      },
      "dependencies": {
        "semver": {
          "version": "5.3.0",
          "resolved": "https://registry.npmjs.org/semver/-/semver-5.3.0.tgz",
          "integrity": "sha1-myzl094C0XxgEq0yaqa00M9U+U8="
        },
        "smartshell": {
          "version": "1.0.8",
          "resolved": "https://registry.npmjs.org/smartshell/-/smartshell-1.0.8.tgz",
          "integrity": "sha1-FTV1bA/oBp9+baHj+ctsj3cJTkI=",
          "requires": {
            "@types/shelljs": "0.7.2",
            "@types/which": "1.0.28",
            "shelljs": "0.7.8",
            "smartq": "1.1.1",
            "typings-global": "1.0.19",
            "which": "1.2.14"
          },
          "dependencies": {
            "@types/shelljs": {
              "version": "0.7.2",
              "resolved": "https://registry.npmjs.org/@types/shelljs/-/shelljs-0.7.2.tgz",
              "integrity": "sha1-wr2z/oDNej2gh1DKiYrkTFiWcfM=",
              "requires": {
                "@types/node": "8.0.7"
              },
              "dependencies": {
                "@types/node": {
                  "version": "8.0.7",
                  "resolved": "https://registry.npmjs.org/@types/node/-/node-8.0.7.tgz",
                  "integrity": "sha1-+wrQS1tvbqvgNyoyqPH7ulwTDK4="
                }
              }
            },
            "@types/which": {
              "version": "1.0.28",
              "resolved": "https://registry.npmjs.org/@types/which/-/which-1.0.28.tgz",
              "integrity": "sha1-AW44dim4gXvtZT/jLqtdESecjfY="
            },
            "shelljs": {
              "version": "0.7.8",
              "resolved": "https://registry.npmjs.org/shelljs/-/shelljs-0.7.8.tgz",
              "integrity": "sha1-3svPh0sNHl+3LhSxZKloMEjprLM=",
              "requires": {
                "glob": "7.1.2",
                "interpret": "1.0.3",
                "rechoir": "0.6.2"
              },
              "dependencies": {
                "glob": {
                  "version": "7.1.2",
                  "resolved": "https://registry.npmjs.org/glob/-/glob-7.1.2.tgz",
                  "integrity": "sha1-wZyd+aAocC1nhhI4SmVSQExjbRU=",
                  "requires": {
                    "fs.realpath": "1.0.0",
                    "inflight": "1.0.6",
                    "inherits": "2.0.3",
                    "minimatch": "3.0.4",
                    "once": "1.4.0",
                    "path-is-absolute": "1.0.1"
                  },
                  "dependencies": {
                    "fs.realpath": {
                      "version": "1.0.0",
                      "resolved": "https://registry.npmjs.org/fs.realpath/-/fs.realpath-1.0.0.tgz",
                      "integrity": "sha1-FQStJSMVjKpA20onh8sBQRmU6k8="
                    },
                    "inflight": {
                      "version": "1.0.6",
                      "resolved": "https://registry.npmjs.org/inflight/-/inflight-1.0.6.tgz",
                      "integrity": "sha1-Sb1jMdfQLQwJvJEKEHW6gWW1bfk=",
                      "requires": {
                        "once": "1.4.0",
                        "wrappy": "1.0.2"
                      },
                      "dependencies": {
                        "wrappy": {
                          "version": "1.0.2",
                          "resolved": "https://registry.npmjs.org/wrappy/-/wrappy-1.0.2.tgz",
                          "integrity": "sha1-tSQ9jz7BqjXxNkYFvA0QNuMKtp8="
                        }
                      }
                    },
                    "inherits": {
                      "version": "2.0.3",
                      "resolved": "https://registry.npmjs.org/inherits/-/inherits-2.0.3.tgz",
                      "integrity": "sha1-Yzwsg+PaQqUC9SRmAiSA9CCCYd4="
                    },
                    "minimatch": {
                      "version": "3.0.4",
                      "resolved": "https://registry.npmjs.org/minimatch/-/minimatch-3.0.4.tgz",
                      "integrity": "sha1-UWbihkV/AzBgZL5Ul+jbsMPTIIM=",
                      "requires": {
                        "brace-expansion": "1.1.8"
                      },
                      "dependencies": {
                        "brace-expansion": {
                          "version": "1.1.8",
                          "resolved": "https://registry.npmjs.org/brace-expansion/-/brace-expansion-1.1.8.tgz",
                          "integrity": "sha1-wHshHHyVLsH479Uad+8NHTmQopI=",
                          "requires": {
                            "balanced-match": "1.0.0",
                            "concat-map": "0.0.1"
                          },
                          "dependencies": {
                            "balanced-match": {
                              "version": "1.0.0",
                              "resolved": "https://registry.npmjs.org/balanced-match/-/balanced-match-1.0.0.tgz",
                              "integrity": "sha1-ibTRmasr7kneFk6gK4nORi1xt2c="
                            },
                            "concat-map": {
                              "version": "0.0.1",
                              "resolved": "https://registry.npmjs.org/concat-map/-/concat-map-0.0.1.tgz",
                              "integrity": "sha1-2Klr13/Wjfd5OnMDajug1UBdR3s="
                            }
                          }
                        }
                      }
                    },
                    "once": {
                      "version": "1.4.0",
                      "resolved": "https://registry.npmjs.org/once/-/once-1.4.0.tgz",
                      "integrity": "sha1-WDsap3WWHUsROsF9nFC6753Xa9E=",
                      "requires": {
                        "wrappy": "1.0.2"
                      },
                      "dependencies": {
                        "wrappy": {
                          "version": "1.0.2",
                          "resolved": "https://registry.npmjs.org/wrappy/-/wrappy-1.0.2.tgz",
                          "integrity": "sha1-tSQ9jz7BqjXxNkYFvA0QNuMKtp8="
                        }
                      }
                    },
                    "path-is-absolute": {
                      "version": "1.0.1",
                      "resolved": "https://registry.npmjs.org/path-is-absolute/-/path-is-absolute-1.0.1.tgz",
                      "integrity": "sha1-F0uSaHNVNP+8es5r9TpanhtcX18="
                    }
                  }
                },
                "interpret": {
                  "version": "1.0.3",
                  "resolved": "https://registry.npmjs.org/interpret/-/interpret-1.0.3.tgz",
                  "integrity": "sha1-y8NcYu7uc/Gat7EKgBURQBr8D5A="
                },
                "rechoir": {
                  "version": "0.6.2",
                  "resolved": "https://registry.npmjs.org/rechoir/-/rechoir-0.6.2.tgz",
                  "integrity": "sha1-hSBLVNuoLVdC4oyWdW70OvUOM4Q=",
                  "requires": {
                    "resolve": "1.3.3"
                  },
                  "dependencies": {
                    "resolve": {
                      "version": "1.3.3",
                      "resolved": "https://registry.npmjs.org/resolve/-/resolve-1.3.3.tgz",
                      "integrity": "sha1-ZVkHw0aahoDcLeOidaj91paR8OU=",
                      "requires": {
                        "path-parse": "1.0.5"
                      },
                      "dependencies": {
                        "path-parse": {
                          "version": "1.0.5",
                          "resolved": "https://registry.npmjs.org/path-parse/-/path-parse-1.0.5.tgz",
                          "integrity": "sha1-PBrfhx6pzWyUMbbqK9dKD/BVxME="
                        }
                      }
                    }
                  }
                }
              }
            },
            "which": {
              "version": "1.2.14",
              "resolved": "https://registry.npmjs.org/which/-/which-1.2.14.tgz",
              "integrity": "sha1-mofEN48D6CfOyvGs31bHNsAcFOU=",
              "requires": {
                "isexe": "2.0.0"
              },
              "dependencies": {
                "isexe": {
                  "version": "2.0.0",
                  "resolved": "https://registry.npmjs.org/isexe/-/isexe-2.0.0.tgz",
                  "integrity": "sha1-6PvzdNxVb/iUehDcsFctYz8s+hA="
                }
              }
            }
          }
        }
      }
    }
  }
}
